<?xml version="1.0" encoding="utf-8"?>
<Project ToolsVersion="4.0" xmlns="http://schemas.microsoft.com/developer/msbuild/2003">
  <ItemGroup>
    <Filter Include="Engine">
      <UniqueIdentifier>{DBC7D3B0-C769-FE86-B024-12DB9C6585D7}</UniqueIdentifier>
    </Filter>
    <Filter Include="Engine\Core">
      <UniqueIdentifier>{130D9B61-7FC2-1357-08B7-0D2E746B0A5B}</UniqueIdentifier>
    </Filter>
    <Filter Include="Engine\Core\Renderer">
      <UniqueIdentifier>{19B6ADAC-0545-3776-AE63-4B719AD1471C}</UniqueIdentifier>
    </Filter>
    <Filter Include="Engine\VulkanCore">
      <UniqueIdentifier>{24BBBA8B-90D1-B821-D948-4443459E89A9}</UniqueIdentifier>
    </Filter>
    <Filter Include="Resources">
      <UniqueIdentifier>{000BCD17-6C75-818E-B5B3-3234215D5FE3}</UniqueIdentifier>
    </Filter>
    <Filter Include="Resources\Shaders">
      <UniqueIdentifier>{D92F8C3C-4546-8AD2-8EBD-15F4FA125B5A}</UniqueIdentifier>
    </Filter>
  </ItemGroup>
  <ItemGroup>
    <ClInclude Include="Source\Engine\Core\Application.h">
      <Filter>Engine\Core</Filter>
    </ClInclude>
    <ClInclude Include="Source\Engine\Core\Logger.h">
      <Filter>Engine\Core</Filter>
    </ClInclude>
    <ClInclude Include="Source\Engine\Core\Renderer\Renderer.h">
      <Filter>Engine\Core\Renderer</Filter>
    </ClInclude>
    <ClInclude Include="Source\Engine\Core\Window.h">
      <Filter>Engine\Core</Filter>
    </ClInclude>
    <ClInclude Include="Source\Engine\VulkanCore\Buffer.h">
      <Filter>Engine\VulkanCore</Filter>
    </ClInclude>
    <ClInclude Include="Source\Engine\VulkanCore\CommandQueueManager.h">
      <Filter>Engine\VulkanCore</Filter>
    </ClInclude>
    <ClInclude Include="Source\Engine\VulkanCore\Context.h">
      <Filter>Engine\VulkanCore</Filter>
    </ClInclude>
    <ClInclude Include="Source\Engine\VulkanCore\Framebuffer.h">
      <Filter>Engine\VulkanCore</Filter>
    </ClInclude>
    <ClInclude Include="Source\Engine\VulkanCore\PhysicalDevice.h">
      <Filter>Engine\VulkanCore</Filter>
    </ClInclude>
    <ClInclude Include="Source\Engine\VulkanCore\Pipeline.h">
      <Filter>Engine\VulkanCore</Filter>
    </ClInclude>
    <ClInclude Include="Source\Engine\VulkanCore\RenderPass.h">
      <Filter>Engine\VulkanCore</Filter>
    </ClInclude>
    <ClInclude Include="Source\Engine\VulkanCore\ShaderModule.h">
      <Filter>Engine\VulkanCore</Filter>
    </ClInclude>
    <ClInclude Include="Source\Engine\VulkanCore\Swapchain.h">
      <Filter>Engine\VulkanCore</Filter>
    </ClInclude>
    <ClInclude Include="Source\Engine\VulkanCore\Texture.h">
      <Filter>Engine\VulkanCore</Filter>
    </ClInclude>
    <ClInclude Include="Source\Engine\VulkanCore\Utility.h">
      <Filter>Engine\VulkanCore</Filter>
    </ClInclude>
    <ClInclude Include="Source\Engine\VulkanCore\VulkanCommon.h">
      <Filter>Engine\VulkanCore</Filter>
    </ClInclude>
  </ItemGroup>
  <ItemGroup>
    <ClCompile Include="Source\Engine\Core\Application.cpp">
      <Filter>Engine\Core</Filter>
    </ClCompile>
    <ClCompile Include="Source\Engine\Core\Logger.cpp">
      <Filter>Engine\Core</Filter>
    </ClCompile>
    <ClCompile Include="Source\Engine\Core\Renderer\Renderer.cpp">
      <Filter>Engine\Core\Renderer</Filter>
    </ClCompile>
    <ClCompile Include="Source\Engine\Core\Window.cpp">
      <Filter>Engine\Core</Filter>
    </ClCompile>
    <ClCompile Include="Source\Engine\Main.cpp">
      <Filter>Engine</Filter>
    </ClCompile>
    <ClCompile Include="Source\Engine\VulkanCore\Buffer.cpp">
      <Filter>Engine\VulkanCore</Filter>
    </ClCompile>
    <ClCompile Include="Source\Engine\VulkanCore\CommandQueueManager.cpp">
      <Filter>Engine\VulkanCore</Filter>
    </ClCompile>
    <ClCompile Include="Source\Engine\VulkanCore\Context.cpp">
      <Filter>Engine\VulkanCore</Filter>
    </ClCompile>
    <ClCompile Include="Source\Engine\VulkanCore\Framebuffer.cpp">
      <Filter>Engine\VulkanCore</Filter>
    </ClCompile>
    <ClCompile Include="Source\Engine\VulkanCore\PhysicalDevice.cpp">
      <Filter>Engine\VulkanCore</Filter>
    </ClCompile>
    <ClCompile Include="Source\Engine\VulkanCore\Pipeline.cpp">
      <Filter>Engine\VulkanCore</Filter>
    </ClCompile>
    <ClCompile Include="Source\Engine\VulkanCore\RenderPass.cpp">
      <Filter>Engine\VulkanCore</Filter>
    </ClCompile>
    <ClCompile Include="Source\Engine\VulkanCore\ShaderModule.cpp">
      <Filter>Engine\VulkanCore</Filter>
    </ClCompile>
    <ClCompile Include="Source\Engine\VulkanCore\Swapchain.cpp">
      <Filter>Engine\VulkanCore</Filter>
    </ClCompile>
    <ClCompile Include="Source\Engine\VulkanCore\Texture.cpp">
      <Filter>Engine\VulkanCore</Filter>
    </ClCompile>
    <ClCompile Include="Source\Engine\VulkanCore\Utility.cpp">
      <Filter>Engine\VulkanCore</Filter>
    </ClCompile>
    <ClCompile Include="Source\Engine\VulkanCore\VmaUsage.cpp">
      <Filter>Engine\VulkanCore</Filter>
    </ClCompile>
    <ClCompile Include="Source\Engine\VulkanCore\VulkanCommon.cpp">
      <Filter>Engine\VulkanCore</Filter>
    </ClCompile>
  </ItemGroup>
  <ItemGroup>
    <None Include="Source\Resources\Shaders\SimpleTriangle.frag">
      <Filter>Resources\Shaders</Filter>
    </None>
    <None Include="Source\Resources\Shaders\SimpleTriangle.vert">
      <Filter>Resources\Shaders</Filter>
    </None>
  </ItemGroup>
</Project>